{
  "name": "lemmings",
  "version": "1.0.0",
  "lockfileVersion": 2,
  "requires": true,
  "packages": {
    "": {
      "name": "lemmings",
      "version": "1.0.0",
      "license": "ISC",
      "dependencies": {
        "p5": "^1.0.0"
      }
    },
    "node_modules/p5": {
      "version": "1.0.0",
      "license": "LGPL-2.1"
    }
  },
  "dependencies": {
    "p5": {
      "version": "1.0.0"
    }
  }
}
